
Microsoft Visual Studio Solution File, Format Version 12.00
# Visual Studio 15
VisualStudioVersion = 15.0.28010.2041
MinimumVisualStudioVersion = 10.0.40219.1
Project("{FAE04EC0-301F-11D3-BF4B-00C04F79EFBC}") = "Frontdesk", "Frontdesk\Frontdesk.csproj", "{6154DB6E-F24B-4523-AE72-934E73B3E28E}"
EndProject
Global
	GlobalSection(SolutionConfigurationPlatforms) = preSolution
		Debug|Any CPU = Debug|Any CPU
		Release|Any CPU = Release|Any CPU
	EndGlobalSection
	GlobalSection(ProjectConfigurationPlatforms) = postSolution
		{6154DB6E-F24B-4523-AE72-934E73B3E28E}.Debug|Any CPU.ActiveCfg = Debug|Any CPU
		{6154DB6E-F24B-4523-AE72-934E73B3E28E}.Debug|Any CPU.Build.0 = Debug|Any CPU
		{6154DB6E-F24B-4523-AE72-934E73B3E28E}.Release|Any CPU.ActiveCfg = Release|Any CPU
		{6154DB6E-F24B-4523-AE72-934E73B3E28E}.Release|Any CPU.Build.0 = Release|Any CPU
	EndGlobalSection
	GlobalSection(SolutionProperties) = preSolution
		HideSolutionNode = FALSE
	EndGlobalSection
	GlobalSection(ExtensibilityGlobals) = postSolution
		SolutionGuid = {86FEEEBB-D8B3-4BA7-B0E5-942F6745111E}
	EndGlobalSection
EndGlobal
